// !$*UTF8*$!
{
	archiveVersion = 1;
	classes = {
	};
	objectVersion = 51;
	objects = {

/* Begin PBXBuildFile section */
		61B9FB783267E7605CA5077D /* Pods_kidsCreative.framework in Frameworks */ = {isa = PBXBuildFile; fileRef = 350CC576EF380E4818D42578 /* Pods_kidsCreative.framework */; };
		8889505F24452C68003DDE1E /* AppDelegate.swift in Sources */ = {isa = PBXBuildFile; fileRef = 8889505E24452C68003DDE1E /* AppDelegate.swift */; };
		8889506124452C68003DDE1E /* SceneDelegate.swift in Sources */ = {isa = PBXBuildFile; fileRef = 8889506024452C68003DDE1E /* SceneDelegate.swift */; };
		8889506324452C68003DDE1E /* MainViewController.swift in Sources */ = {isa = PBXBuildFile; fileRef = 8889506224452C68003DDE1E /* MainViewController.swift */; };
		8889506924452C68003DDE1E /* kidsCreative.xcdatamodeld in Sources */ = {isa = PBXBuildFile; fileRef = 8889506724452C68003DDE1E /* kidsCreative.xcdatamodeld */; };
		8889506B24452C6A003DDE1E /* Assets.xcassets in Resources */ = {isa = PBXBuildFile; fileRef = 8889506A24452C6A003DDE1E /* Assets.xcassets */; };
		8889506E24452C6A003DDE1E /* LaunchScreen.storyboard in Resources */ = {isa = PBXBuildFile; fileRef = 8889506C24452C6A003DDE1E /* LaunchScreen.storyboard */; };
		8889507624452CEF003DDE1E /* DetailViewController.swift in Sources */ = {isa = PBXBuildFile; fileRef = 8889507524452CEF003DDE1E /* DetailViewController.swift */; };
		8889507924452D24003DDE1E /* MainView.swift in Sources */ = {isa = PBXBuildFile; fileRef = 8889507824452D24003DDE1E /* MainView.swift */; };
		8889507C24452D3C003DDE1E /* DetailView.swift in Sources */ = {isa = PBXBuildFile; fileRef = 8889507B24452D3C003DDE1E /* DetailView.swift */; };
		8889507E24452F7A003DDE1E /* DataBaseService.swift in Sources */ = {isa = PBXBuildFile; fileRef = 8889507D24452F7A003DDE1E /* DataBaseService.swift */; };
		B7B513B6244660D8001D392A /* CoreDataManager.swift in Sources */ = {isa = PBXBuildFile; fileRef = B7B513B5244660D8001D392A /* CoreDataManager.swift */; };
		B7B513B9244661F7001D392A /* MediaObject+CoreDataClass.swift in Sources */ = {isa = PBXBuildFile; fileRef = B7B513B7244661F7001D392A /* MediaObject+CoreDataClass.swift */; };
		B7B513BA244661F7001D392A /* MediaObject+CoreDataProperties.swift in Sources */ = {isa = PBXBuildFile; fileRef = B7B513B8244661F7001D392A /* MediaObject+CoreDataProperties.swift */; };
		8889507E24452F7A003DDE1E /* FireBaseDataService.swift in Sources */ = {isa = PBXBuildFile; fileRef = 8889507D24452F7A003DDE1E /* FireBaseDataService.swift */; };
		888950812445312E003DDE1E /* GoogleService-Info.plist in Resources */ = {isa = PBXBuildFile; fileRef = 888950802445312E003DDE1E /* GoogleService-Info.plist */; };
		8889508F244650F0003DDE1E /* Activity.swift in Sources */ = {isa = PBXBuildFile; fileRef = 8889508E244650F0003DDE1E /* Activity.swift */; };

/* End PBXBuildFile section */

/* Begin PBXFileReference section */
		350CC576EF380E4818D42578 /* Pods_kidsCreative.framework */ = {isa = PBXFileReference; explicitFileType = wrapper.framework; includeInIndex = 0; path = Pods_kidsCreative.framework; sourceTree = BUILT_PRODUCTS_DIR; };
		8889505B24452C68003DDE1E /* kidsCreative.app */ = {isa = PBXFileReference; explicitFileType = wrapper.application; includeInIndex = 0; path = kidsCreative.app; sourceTree = BUILT_PRODUCTS_DIR; };
		8889505E24452C68003DDE1E /* AppDelegate.swift */ = {isa = PBXFileReference; lastKnownFileType = sourcecode.swift; path = AppDelegate.swift; sourceTree = "<group>"; };
		8889506024452C68003DDE1E /* SceneDelegate.swift */ = {isa = PBXFileReference; lastKnownFileType = sourcecode.swift; path = SceneDelegate.swift; sourceTree = "<group>"; };
		8889506224452C68003DDE1E /* MainViewController.swift */ = {isa = PBXFileReference; lastKnownFileType = sourcecode.swift; path = MainViewController.swift; sourceTree = "<group>"; };
		8889506824452C68003DDE1E /* kidsCreative.xcdatamodel */ = {isa = PBXFileReference; lastKnownFileType = wrapper.xcdatamodel; path = kidsCreative.xcdatamodel; sourceTree = "<group>"; };
		8889506A24452C6A003DDE1E /* Assets.xcassets */ = {isa = PBXFileReference; lastKnownFileType = folder.assetcatalog; path = Assets.xcassets; sourceTree = "<group>"; };
		8889506D24452C6A003DDE1E /* Base */ = {isa = PBXFileReference; lastKnownFileType = file.storyboard; name = Base; path = Base.lproj/LaunchScreen.storyboard; sourceTree = "<group>"; };
		8889506F24452C6A003DDE1E /* Info.plist */ = {isa = PBXFileReference; lastKnownFileType = text.plist.xml; path = Info.plist; sourceTree = "<group>"; };
		8889507524452CEF003DDE1E /* DetailViewController.swift */ = {isa = PBXFileReference; lastKnownFileType = sourcecode.swift; path = DetailViewController.swift; sourceTree = "<group>"; };
		8889507824452D24003DDE1E /* MainView.swift */ = {isa = PBXFileReference; lastKnownFileType = sourcecode.swift; path = MainView.swift; sourceTree = "<group>"; };
		8889507B24452D3C003DDE1E /* DetailView.swift */ = {isa = PBXFileReference; lastKnownFileType = sourcecode.swift; path = DetailView.swift; sourceTree = "<group>"; };
		8889507D24452F7A003DDE1E /* DataBaseService.swift */ = {isa = PBXFileReference; lastKnownFileType = sourcecode.swift; path = DataBaseService.swift; sourceTree = "<group>"; };
		8889507D24452F7A003DDE1E /* FireBaseDataService.swift */ = {isa = PBXFileReference; lastKnownFileType = sourcecode.swift; path = FireBaseDataService.swift; sourceTree = "<group>"; };
		888950802445312E003DDE1E /* GoogleService-Info.plist */ = {isa = PBXFileReference; fileEncoding = 4; lastKnownFileType = text.plist.xml; path = "GoogleService-Info.plist"; sourceTree = "<group>"; };
		8889508E244650F0003DDE1E /* Activity.swift */ = {isa = PBXFileReference; lastKnownFileType = sourcecode.swift; path = Activity.swift; sourceTree = "<group>"; };
		A3C3BB50E2379422373B7AA3 /* Pods-kidsCreative.release.xcconfig */ = {isa = PBXFileReference; includeInIndex = 1; lastKnownFileType = text.xcconfig; name = "Pods-kidsCreative.release.xcconfig"; path = "Target Support Files/Pods-kidsCreative/Pods-kidsCreative.release.xcconfig"; sourceTree = "<group>"; };
		B7B513B3244648A2001D392A /* GoogleService-Info.plist */ = {isa = PBXFileReference; fileEncoding = 4; lastKnownFileType = text.plist.xml; path = "GoogleService-Info.plist"; sourceTree = "<group>"; };
		B7B513B5244660D8001D392A /* CoreDataManager.swift */ = {isa = PBXFileReference; lastKnownFileType = sourcecode.swift; path = CoreDataManager.swift; sourceTree = "<group>"; };
		B7B513B7244661F7001D392A /* MediaObject+CoreDataClass.swift */ = {isa = PBXFileReference; lastKnownFileType = sourcecode.swift; path = "MediaObject+CoreDataClass.swift"; sourceTree = "<group>"; };
		B7B513B8244661F7001D392A /* MediaObject+CoreDataProperties.swift */ = {isa = PBXFileReference; lastKnownFileType = sourcecode.swift; path = "MediaObject+CoreDataProperties.swift"; sourceTree = "<group>"; };
		C51D533E2BDB7B15DC8285E3 /* Pods-kidsCreative.debug.xcconfig */ = {isa = PBXFileReference; includeInIndex = 1; lastKnownFileType = text.xcconfig; name = "Pods-kidsCreative.debug.xcconfig"; path = "Target Support Files/Pods-kidsCreative/Pods-kidsCreative.debug.xcconfig"; sourceTree = "<group>"; };
/* End PBXFileReference section */

/* Begin PBXFrameworksBuildPhase section */
		8889505824452C68003DDE1E /* Frameworks */ = {
			isa = PBXFrameworksBuildPhase;
			buildActionMask = 2147483647;
			files = (
				61B9FB783267E7605CA5077D /* Pods_kidsCreative.framework in Frameworks */,
			);
			runOnlyForDeploymentPostprocessing = 0;
		};
/* End PBXFrameworksBuildPhase section */

/* Begin PBXGroup section */
		6130C1AB2B639723A56984B7 /* Pods */ = {
			isa = PBXGroup;
			children = (
				C51D533E2BDB7B15DC8285E3 /* Pods-kidsCreative.debug.xcconfig */,
				A3C3BB50E2379422373B7AA3 /* Pods-kidsCreative.release.xcconfig */,
			);
			path = Pods;
			sourceTree = "<group>";
		};
		8889505224452C67003DDE1E = {
			isa = PBXGroup;
			children = (
				8889505D24452C68003DDE1E /* kidsCreative */,
				8889505C24452C68003DDE1E /* Products */,
				6130C1AB2B639723A56984B7 /* Pods */,
				DD315C6943AF04EE3FDFF52D /* Frameworks */,
			);
			sourceTree = "<group>";
		};
		8889505C24452C68003DDE1E /* Products */ = {
			isa = PBXGroup;
			children = (
				8889505B24452C68003DDE1E /* kidsCreative.app */,
			);
			name = Products;
			sourceTree = "<group>";
		};
		8889505D24452C68003DDE1E /* kidsCreative */ = {
			isa = PBXGroup;
			children = (
				88895083244534F4003DDE1E /* Models */,
				888950842445350B003DDE1E /* SupportingFiles */,
				8889507F24452F8B003DDE1E /* FireBaseServices */,
				8889507A24452D2A003DDE1E /* Views */,
				8889507724452CF3003DDE1E /* ViewControllers */,
				8889506A24452C6A003DDE1E /* Assets.xcassets */,
				B7B513B3244648A2001D392A /* GoogleService-Info.plist */,
				8889506F24452C6A003DDE1E /* Info.plist */,
			);
			path = kidsCreative;
			sourceTree = "<group>";
		};
		8889507724452CF3003DDE1E /* ViewControllers */ = {
			isa = PBXGroup;
			children = (
				8889506224452C68003DDE1E /* MainViewController.swift */,
				8889507524452CEF003DDE1E /* DetailViewController.swift */,
			);
			path = ViewControllers;
			sourceTree = "<group>";
		};
		8889507A24452D2A003DDE1E /* Views */ = {
			isa = PBXGroup;
			children = (
				8889507824452D24003DDE1E /* MainView.swift */,
				8889507B24452D3C003DDE1E /* DetailView.swift */,
			);
			path = Views;
			sourceTree = "<group>";
		};
		8889507F24452F8B003DDE1E /* FireBaseServices */ = {
			isa = PBXGroup;
			children = (
				8889507D24452F7A003DDE1E /* FireBaseDataService.swift */,
			);
			path = FireBaseServices;
			sourceTree = "<group>";
		};
		88895083244534F4003DDE1E /* Models */ = {
			isa = PBXGroup;
			children = (
				B7B513B7244661F7001D392A /* MediaObject+CoreDataClass.swift */,
				B7B513B8244661F7001D392A /* MediaObject+CoreDataProperties.swift */,
				8889506724452C68003DDE1E /* kidsCreative.xcdatamodeld */,
				B7B513B5244660D8001D392A /* CoreDataManager.swift */,
				8889508E244650F0003DDE1E /* Activity.swift */,
			);
			path = Models;
			sourceTree = "<group>";
		};
		888950842445350B003DDE1E /* SupportingFiles */ = {
			isa = PBXGroup;
			children = (
				8889505E24452C68003DDE1E /* AppDelegate.swift */,
				8889506024452C68003DDE1E /* SceneDelegate.swift */,
				8889506C24452C6A003DDE1E /* LaunchScreen.storyboard */,
			);
			path = SupportingFiles;
			sourceTree = "<group>";
		};
		DD315C6943AF04EE3FDFF52D /* Frameworks */ = {
			isa = PBXGroup;
			children = (
				350CC576EF380E4818D42578 /* Pods_kidsCreative.framework */,
			);
			name = Frameworks;
			sourceTree = "<group>";
		};
/* End PBXGroup section */

/* Begin PBXNativeTarget section */
		8889505A24452C68003DDE1E /* kidsCreative */ = {
			isa = PBXNativeTarget;
			buildConfigurationList = 8889507224452C6A003DDE1E /* Build configuration list for PBXNativeTarget "kidsCreative" */;
			buildPhases = (
				3B6B9CF63E8A265389C6E78E /* [CP] Check Pods Manifest.lock */,
				8889505724452C68003DDE1E /* Sources */,
				8889505824452C68003DDE1E /* Frameworks */,
				8889505924452C68003DDE1E /* Resources */,
				4FF5CC94E05FC9CF9025AAFE /* [CP] Embed Pods Frameworks */,
			);
			buildRules = (
			);
			dependencies = (
			);
			name = kidsCreative;
			productName = kidsCreative;
			productReference = 8889505B24452C68003DDE1E /* kidsCreative.app */;
			productType = "com.apple.product-type.application";
		};
/* End PBXNativeTarget section */

/* Begin PBXProject section */
		8889505324452C67003DDE1E /* Project object */ = {
			isa = PBXProject;
			attributes = {
				LastSwiftUpdateCheck = 1140;
				LastUpgradeCheck = 1140;
				ORGANIZATIONNAME = "Howard Chang";
				TargetAttributes = {
					8889505A24452C68003DDE1E = {
						CreatedOnToolsVersion = 11.4;
					};
				};
			};
			buildConfigurationList = 8889505624452C67003DDE1E /* Build configuration list for PBXProject "kidsCreative" */;
			compatibilityVersion = "Xcode 9.3";
			developmentRegion = en;
			hasScannedForEncodings = 0;
			knownRegions = (
				en,
				Base,
			);
			mainGroup = 8889505224452C67003DDE1E;
			productRefGroup = 8889505C24452C68003DDE1E /* Products */;
			projectDirPath = "";
			projectRoot = "";
			targets = (
				8889505A24452C68003DDE1E /* kidsCreative */,
			);
		};
/* End PBXProject section */

/* Begin PBXResourcesBuildPhase section */
		8889505924452C68003DDE1E /* Resources */ = {
			isa = PBXResourcesBuildPhase;
			buildActionMask = 2147483647;
			files = (
				8889506E24452C6A003DDE1E /* LaunchScreen.storyboard in Resources */,
				8889506B24452C6A003DDE1E /* Assets.xcassets in Resources */,
				B7B513B4244648A2001D392A /* GoogleService-Info.plist in Resources */,
			);
			runOnlyForDeploymentPostprocessing = 0;
		};
/* End PBXResourcesBuildPhase section */

/* Begin PBXShellScriptBuildPhase section */
		3B6B9CF63E8A265389C6E78E /* [CP] Check Pods Manifest.lock */ = {
			isa = PBXShellScriptBuildPhase;
			buildActionMask = 2147483647;
			files = (
			);
			inputFileListPaths = (
			);
			inputPaths = (
				"${PODS_PODFILE_DIR_PATH}/Podfile.lock",
				"${PODS_ROOT}/Manifest.lock",
			);
			name = "[CP] Check Pods Manifest.lock";
			outputFileListPaths = (
			);
			outputPaths = (
				"$(DERIVED_FILE_DIR)/Pods-kidsCreative-checkManifestLockResult.txt",
			);
			runOnlyForDeploymentPostprocessing = 0;
			shellPath = /bin/sh;
			shellScript = "diff \"${PODS_PODFILE_DIR_PATH}/Podfile.lock\" \"${PODS_ROOT}/Manifest.lock\" > /dev/null\nif [ $? != 0 ] ; then\n    # print error to STDERR\n    echo \"error: The sandbox is not in sync with the Podfile.lock. Run 'pod install' or update your CocoaPods installation.\" >&2\n    exit 1\nfi\n# This output is used by Xcode 'outputs' to avoid re-running this script phase.\necho \"SUCCESS\" > \"${SCRIPT_OUTPUT_FILE_0}\"\n";
			showEnvVarsInLog = 0;
		};
		4FF5CC94E05FC9CF9025AAFE /* [CP] Embed Pods Frameworks */ = {
			isa = PBXShellScriptBuildPhase;
			buildActionMask = 2147483647;
			files = (
			);
			inputFileListPaths = (
				"${PODS_ROOT}/Target Support Files/Pods-kidsCreative/Pods-kidsCreative-frameworks-${CONFIGURATION}-input-files.xcfilelist",
			);
			name = "[CP] Embed Pods Frameworks";
			outputFileListPaths = (
				"${PODS_ROOT}/Target Support Files/Pods-kidsCreative/Pods-kidsCreative-frameworks-${CONFIGURATION}-output-files.xcfilelist",
			);
			runOnlyForDeploymentPostprocessing = 0;
			shellPath = /bin/sh;
			shellScript = "\"${PODS_ROOT}/Target Support Files/Pods-kidsCreative/Pods-kidsCreative-frameworks.sh\"\n";
			showEnvVarsInLog = 0;
		};
/* End PBXShellScriptBuildPhase section */

/* Begin PBXSourcesBuildPhase section */
		8889505724452C68003DDE1E /* Sources */ = {
			isa = PBXSourcesBuildPhase;
			buildActionMask = 2147483647;
			files = (
				B7B513BA244661F7001D392A /* MediaObject+CoreDataProperties.swift in Sources */,
				8889506324452C68003DDE1E /* MainViewController.swift in Sources */,
				8889507924452D24003DDE1E /* MainView.swift in Sources */,
				8889505F24452C68003DDE1E /* AppDelegate.swift in Sources */,
				B7B513B9244661F7001D392A /* MediaObject+CoreDataClass.swift in Sources */,
				8889507C24452D3C003DDE1E /* DetailView.swift in Sources */,
				8889507624452CEF003DDE1E /* DetailViewController.swift in Sources */,
				8889506124452C68003DDE1E /* SceneDelegate.swift in Sources */,
				B7B513B6244660D8001D392A /* CoreDataManager.swift in Sources */,
				8889507E24452F7A003DDE1E /* DataBaseService.swift in Sources */,
				8889508F244650F0003DDE1E /* Activity.swift in Sources */,
				8889507E24452F7A003DDE1E /* FireBaseDataService.swift in Sources */,
				8889506924452C68003DDE1E /* kidsCreative.xcdatamodeld in Sources */,
			);
			runOnlyForDeploymentPostprocessing = 0;
		};
/* End PBXSourcesBuildPhase section */

/* Begin PBXVariantGroup section */
		8889506C24452C6A003DDE1E /* LaunchScreen.storyboard */ = {
			isa = PBXVariantGroup;
			children = (
				8889506D24452C6A003DDE1E /* Base */,
			);
			name = LaunchScreen.storyboard;
			sourceTree = "<group>";
		};
/* End PBXVariantGroup section */

/* Begin XCBuildConfiguration section */
		8889507024452C6A003DDE1E /* Debug */ = {
			isa = XCBuildConfiguration;
			buildSettings = {
				ALWAYS_SEARCH_USER_PATHS = NO;
				CLANG_ANALYZER_NONNULL = YES;
				CLANG_ANALYZER_NUMBER_OBJECT_CONVERSION = YES_AGGRESSIVE;
				CLANG_CXX_LANGUAGE_STANDARD = "gnu++14";
				CLANG_CXX_LIBRARY = "libc++";
				CLANG_ENABLE_MODULES = YES;
				CLANG_ENABLE_OBJC_ARC = YES;
				CLANG_ENABLE_OBJC_WEAK = YES;
				CLANG_WARN_BLOCK_CAPTURE_AUTORELEASING = YES;
				CLANG_WARN_BOOL_CONVERSION = YES;
				CLANG_WARN_COMMA = YES;
				CLANG_WARN_CONSTANT_CONVERSION = YES;
				CLANG_WARN_DEPRECATED_OBJC_IMPLEMENTATIONS = YES;
				CLANG_WARN_DIRECT_OBJC_ISA_USAGE = YES_ERROR;
				CLANG_WARN_DOCUMENTATION_COMMENTS = YES;
				CLANG_WARN_EMPTY_BODY = YES;
				CLANG_WARN_ENUM_CONVERSION = YES;
				CLANG_WARN_INFINITE_RECURSION = YES;
				CLANG_WARN_INT_CONVERSION = YES;
				CLANG_WARN_NON_LITERAL_NULL_CONVERSION = YES;
				CLANG_WARN_OBJC_IMPLICIT_RETAIN_SELF = YES;
				CLANG_WARN_OBJC_LITERAL_CONVERSION = YES;
				CLANG_WARN_OBJC_ROOT_CLASS = YES_ERROR;
				CLANG_WARN_RANGE_LOOP_ANALYSIS = YES;
				CLANG_WARN_STRICT_PROTOTYPES = YES;
				CLANG_WARN_SUSPICIOUS_MOVE = YES;
				CLANG_WARN_UNGUARDED_AVAILABILITY = YES_AGGRESSIVE;
				CLANG_WARN_UNREACHABLE_CODE = YES;
				CLANG_WARN__DUPLICATE_METHOD_MATCH = YES;
				COPY_PHASE_STRIP = NO;
				DEBUG_INFORMATION_FORMAT = dwarf;
				ENABLE_STRICT_OBJC_MSGSEND = YES;
				ENABLE_TESTABILITY = YES;
				GCC_C_LANGUAGE_STANDARD = gnu11;
				GCC_DYNAMIC_NO_PIC = NO;
				GCC_NO_COMMON_BLOCKS = YES;
				GCC_OPTIMIZATION_LEVEL = 0;
				GCC_PREPROCESSOR_DEFINITIONS = (
					"DEBUG=1",
					"$(inherited)",
				);
				GCC_WARN_64_TO_32_BIT_CONVERSION = YES;
				GCC_WARN_ABOUT_RETURN_TYPE = YES_ERROR;
				GCC_WARN_UNDECLARED_SELECTOR = YES;
				GCC_WARN_UNINITIALIZED_AUTOS = YES_AGGRESSIVE;
				GCC_WARN_UNUSED_FUNCTION = YES;
				GCC_WARN_UNUSED_VARIABLE = YES;
				IPHONEOS_DEPLOYMENT_TARGET = 13.4;
				MTL_ENABLE_DEBUG_INFO = INCLUDE_SOURCE;
				MTL_FAST_MATH = YES;
				ONLY_ACTIVE_ARCH = YES;
				SDKROOT = iphoneos;
				SWIFT_ACTIVE_COMPILATION_CONDITIONS = DEBUG;
				SWIFT_OPTIMIZATION_LEVEL = "-Onone";
			};
			name = Debug;
		};
		8889507124452C6A003DDE1E /* Release */ = {
			isa = XCBuildConfiguration;
			buildSettings = {
				ALWAYS_SEARCH_USER_PATHS = NO;
				CLANG_ANALYZER_NONNULL = YES;
				CLANG_ANALYZER_NUMBER_OBJECT_CONVERSION = YES_AGGRESSIVE;
				CLANG_CXX_LANGUAGE_STANDARD = "gnu++14";
				CLANG_CXX_LIBRARY = "libc++";
				CLANG_ENABLE_MODULES = YES;
				CLANG_ENABLE_OBJC_ARC = YES;
				CLANG_ENABLE_OBJC_WEAK = YES;
				CLANG_WARN_BLOCK_CAPTURE_AUTORELEASING = YES;
				CLANG_WARN_BOOL_CONVERSION = YES;
				CLANG_WARN_COMMA = YES;
				CLANG_WARN_CONSTANT_CONVERSION = YES;
				CLANG_WARN_DEPRECATED_OBJC_IMPLEMENTATIONS = YES;
				CLANG_WARN_DIRECT_OBJC_ISA_USAGE = YES_ERROR;
				CLANG_WARN_DOCUMENTATION_COMMENTS = YES;
				CLANG_WARN_EMPTY_BODY = YES;
				CLANG_WARN_ENUM_CONVERSION = YES;
				CLANG_WARN_INFINITE_RECURSION = YES;
				CLANG_WARN_INT_CONVERSION = YES;
				CLANG_WARN_NON_LITERAL_NULL_CONVERSION = YES;
				CLANG_WARN_OBJC_IMPLICIT_RETAIN_SELF = YES;
				CLANG_WARN_OBJC_LITERAL_CONVERSION = YES;
				CLANG_WARN_OBJC_ROOT_CLASS = YES_ERROR;
				CLANG_WARN_RANGE_LOOP_ANALYSIS = YES;
				CLANG_WARN_STRICT_PROTOTYPES = YES;
				CLANG_WARN_SUSPICIOUS_MOVE = YES;
				CLANG_WARN_UNGUARDED_AVAILABILITY = YES_AGGRESSIVE;
				CLANG_WARN_UNREACHABLE_CODE = YES;
				CLANG_WARN__DUPLICATE_METHOD_MATCH = YES;
				COPY_PHASE_STRIP = NO;
				DEBUG_INFORMATION_FORMAT = "dwarf-with-dsym";
				ENABLE_NS_ASSERTIONS = NO;
				ENABLE_STRICT_OBJC_MSGSEND = YES;
				GCC_C_LANGUAGE_STANDARD = gnu11;
				GCC_NO_COMMON_BLOCKS = YES;
				GCC_WARN_64_TO_32_BIT_CONVERSION = YES;
				GCC_WARN_ABOUT_RETURN_TYPE = YES_ERROR;
				GCC_WARN_UNDECLARED_SELECTOR = YES;
				GCC_WARN_UNINITIALIZED_AUTOS = YES_AGGRESSIVE;
				GCC_WARN_UNUSED_FUNCTION = YES;
				GCC_WARN_UNUSED_VARIABLE = YES;
				IPHONEOS_DEPLOYMENT_TARGET = 13.4;
				MTL_ENABLE_DEBUG_INFO = NO;
				MTL_FAST_MATH = YES;
				SDKROOT = iphoneos;
				SWIFT_COMPILATION_MODE = wholemodule;
				SWIFT_OPTIMIZATION_LEVEL = "-O";
				VALIDATE_PRODUCT = YES;
			};
			name = Release;
		};
		8889507324452C6A003DDE1E /* Debug */ = {
			isa = XCBuildConfiguration;
			baseConfigurationReference = C51D533E2BDB7B15DC8285E3 /* Pods-kidsCreative.debug.xcconfig */;
			buildSettings = {
				ASSETCATALOG_COMPILER_APPICON_NAME = AppIcon;
				CODE_SIGN_STYLE = Automatic;
				DEVELOPMENT_TEAM = H39KTTHR8M;
				INFOPLIST_FILE = kidsCreative/Info.plist;
				IPHONEOS_DEPLOYMENT_TARGET = 13.4;
				LD_RUNPATH_SEARCH_PATHS = (
					"$(inherited)",
					"@executable_path/Frameworks",
				);
				PRODUCT_BUNDLE_IDENTIFIER = com.howardchang.login.kidsCreative;
				PRODUCT_NAME = "$(TARGET_NAME)";
				SWIFT_VERSION = 5.0;
				TARGETED_DEVICE_FAMILY = 1;
			};
			name = Debug;
		};
		8889507424452C6A003DDE1E /* Release */ = {
			isa = XCBuildConfiguration;
			baseConfigurationReference = A3C3BB50E2379422373B7AA3 /* Pods-kidsCreative.release.xcconfig */;
			buildSettings = {
				ASSETCATALOG_COMPILER_APPICON_NAME = AppIcon;
				CODE_SIGN_STYLE = Automatic;
				DEVELOPMENT_TEAM = H39KTTHR8M;
				INFOPLIST_FILE = kidsCreative/Info.plist;
				IPHONEOS_DEPLOYMENT_TARGET = 13.4;
				LD_RUNPATH_SEARCH_PATHS = (
					"$(inherited)",
					"@executable_path/Frameworks",
				);
				PRODUCT_BUNDLE_IDENTIFIER = com.howardchang.login.kidsCreative;
				PRODUCT_NAME = "$(TARGET_NAME)";
				SWIFT_VERSION = 5.0;
				TARGETED_DEVICE_FAMILY = 1;
			};
			name = Release;
		};
/* End XCBuildConfiguration section */

/* Begin XCConfigurationList section */
		8889505624452C67003DDE1E /* Build configuration list for PBXProject "kidsCreative" */ = {
			isa = XCConfigurationList;
			buildConfigurations = (
				8889507024452C6A003DDE1E /* Debug */,
				8889507124452C6A003DDE1E /* Release */,
			);
			defaultConfigurationIsVisible = 0;
			defaultConfigurationName = Release;
		};
		8889507224452C6A003DDE1E /* Build configuration list for PBXNativeTarget "kidsCreative" */ = {
			isa = XCConfigurationList;
			buildConfigurations = (
				8889507324452C6A003DDE1E /* Debug */,
				8889507424452C6A003DDE1E /* Release */,
			);
			defaultConfigurationIsVisible = 0;
			defaultConfigurationName = Release;
		};
/* End XCConfigurationList section */

/* Begin XCVersionGroup section */
		8889506724452C68003DDE1E /* kidsCreative.xcdatamodeld */ = {
			isa = XCVersionGroup;
			children = (
				8889506824452C68003DDE1E /* kidsCreative.xcdatamodel */,
			);
			currentVersion = 8889506824452C68003DDE1E /* kidsCreative.xcdatamodel */;
			path = kidsCreative.xcdatamodeld;
			sourceTree = "<group>";
			versionGroupType = wrapper.xcdatamodel;
		};
/* End XCVersionGroup section */
	};
	rootObject = 8889505324452C67003DDE1E /* Project object */;
}
